
Microsoft Visual Studio Solution File, Format Version 12.00
# Visual Studio Version 16
VisualStudioVersion = 16.0.30503.244
MinimumVisualStudioVersion = 10.0.40219.1
Project("{2150E333-8FDC-42A3-9474-1A3956D46DE8}") = "Solution Items", "Solution Items", "{43736647-B071-4C4F-AE89-2301682F3C12}"
	ProjectSection(SolutionItems) = preProject
		.editorconfig = .editorconfig
	EndProjectSection
EndProject
Project("{9A19103F-16F7-4668-BE54-9A1E7A4F7556}") = "Core", "Core\Core.csproj", "{4AA531FE-30FE-4C6E-AE70-A622036229F5}"
EndProject
Project("{2150E333-8FDC-42A3-9474-1A3956D46DE8}") = "Tests", "Tests", "{2FE23D18-B621-48AC-9926-106AFF01D924}"
EndProject
Project("{9A19103F-16F7-4668-BE54-9A1E7A4F7556}") = "Core.Tests", "Tests\Core.Tests\Core.Tests.csproj", "{C806D2A7-2676-4781-9149-C3AC7CB1D0C2}"
EndProject
Project("{9A19103F-16F7-4668-BE54-9A1E7A4F7556}") = "DI.Wpf", "DI.Wpf\DI.Wpf.csproj", "{A560B72A-CD80-43ED-B1E5-FC94C8EEC3E7}"
EndProject
Project("{9A19103F-16F7-4668-BE54-9A1E7A4F7556}") = "Wpf.Tests", "Tests\Wpf.Tests\Wpf.Tests.csproj", "{A55E85D0-F22D-4E0C-BA60-FC809EB23207}"
EndProject
Project("{FAE04EC0-301F-11D3-BF4B-00C04F79EFBC}") = "DI.Uwp", "DI.Uwp\DI.Uwp.csproj", "{92093457-0592-4CF9-AE04-B673BC434E7C}"
EndProject
Project("{FAE04EC0-301F-11D3-BF4B-00C04F79EFBC}") = "Uwp.Tests", "Tests\Uwp.Tests\Uwp.Tests.csproj", "{88DDA081-4C60-4164-B5B1-3D8FD9D03576}"
EndProject
Global
	GlobalSection(SolutionConfigurationPlatforms) = preSolution
		Debug|Any CPU = Debug|Any CPU
		Debug|ARM = Debug|ARM
		Debug|ARM64 = Debug|ARM64
		Debug|x64 = Debug|x64
		Debug|x86 = Debug|x86
		NightlyBuild|Any CPU = NightlyBuild|Any CPU
		NightlyBuild|ARM = NightlyBuild|ARM
		NightlyBuild|ARM64 = NightlyBuild|ARM64
		NightlyBuild|x64 = NightlyBuild|x64
		NightlyBuild|x86 = NightlyBuild|x86
		Release|Any CPU = Release|Any CPU
		Release|ARM = Release|ARM
		Release|ARM64 = Release|ARM64
		Release|x64 = Release|x64
		Release|x86 = Release|x86
	EndGlobalSection
	GlobalSection(ProjectConfigurationPlatforms) = postSolution
		{4AA531FE-30FE-4C6E-AE70-A622036229F5}.Debug|Any CPU.ActiveCfg = Debug|Any CPU
		{4AA531FE-30FE-4C6E-AE70-A622036229F5}.Debug|Any CPU.Build.0 = Debug|Any CPU
		{4AA531FE-30FE-4C6E-AE70-A622036229F5}.Debug|ARM.ActiveCfg = Debug|Any CPU
		{4AA531FE-30FE-4C6E-AE70-A622036229F5}.Debug|ARM.Build.0 = Debug|Any CPU
		{4AA531FE-30FE-4C6E-AE70-A622036229F5}.Debug|ARM64.ActiveCfg = Debug|Any CPU
		{4AA531FE-30FE-4C6E-AE70-A622036229F5}.Debug|ARM64.Build.0 = Debug|Any CPU
		{4AA531FE-30FE-4C6E-AE70-A622036229F5}.Debug|x64.ActiveCfg = Debug|Any CPU
		{4AA531FE-30FE-4C6E-AE70-A622036229F5}.Debug|x64.Build.0 = Debug|Any CPU
		{4AA531FE-30FE-4C6E-AE70-A622036229F5}.Debug|x86.ActiveCfg = Debug|Any CPU
		{4AA531FE-30FE-4C6E-AE70-A622036229F5}.Debug|x86.Build.0 = Debug|Any CPU
		{4AA531FE-30FE-4C6E-AE70-A622036229F5}.NightlyBuild|Any CPU.ActiveCfg = NightlyBuild|Any CPU
		{4AA531FE-30FE-4C6E-AE70-A622036229F5}.NightlyBuild|Any CPU.Build.0 = NightlyBuild|Any CPU
		{4AA531FE-30FE-4C6E-AE70-A622036229F5}.NightlyBuild|ARM.ActiveCfg = NightlyBuild|Any CPU
		{4AA531FE-30FE-4C6E-AE70-A622036229F5}.NightlyBuild|ARM.Build.0 = NightlyBuild|Any CPU
		{4AA531FE-30FE-4C6E-AE70-A622036229F5}.NightlyBuild|ARM64.ActiveCfg = NightlyBuild|Any CPU
		{4AA531FE-30FE-4C6E-AE70-A622036229F5}.NightlyBuild|ARM64.Build.0 = NightlyBuild|Any CPU
		{4AA531FE-30FE-4C6E-AE70-A622036229F5}.NightlyBuild|x64.ActiveCfg = NightlyBuild|Any CPU
		{4AA531FE-30FE-4C6E-AE70-A622036229F5}.NightlyBuild|x64.Build.0 = NightlyBuild|Any CPU
		{4AA531FE-30FE-4C6E-AE70-A622036229F5}.NightlyBuild|x86.ActiveCfg = NightlyBuild|Any CPU
		{4AA531FE-30FE-4C6E-AE70-A622036229F5}.NightlyBuild|x86.Build.0 = NightlyBuild|Any CPU
		{4AA531FE-30FE-4C6E-AE70-A622036229F5}.Release|Any CPU.ActiveCfg = Release|Any CPU
		{4AA531FE-30FE-4C6E-AE70-A622036229F5}.Release|Any CPU.Build.0 = Release|Any CPU
		{4AA531FE-30FE-4C6E-AE70-A622036229F5}.Release|ARM.ActiveCfg = Release|Any CPU
		{4AA531FE-30FE-4C6E-AE70-A622036229F5}.Release|ARM.Build.0 = Release|Any CPU
		{4AA531FE-30FE-4C6E-AE70-A622036229F5}.Release|ARM64.ActiveCfg = Release|Any CPU
		{4AA531FE-30FE-4C6E-AE70-A622036229F5}.Release|ARM64.Build.0 = Release|Any CPU
		{4AA531FE-30FE-4C6E-AE70-A622036229F5}.Release|x64.ActiveCfg = Release|Any CPU
		{4AA531FE-30FE-4C6E-AE70-A622036229F5}.Release|x64.Build.0 = Release|Any CPU
		{4AA531FE-30FE-4C6E-AE70-A622036229F5}.Release|x86.ActiveCfg = Release|Any CPU
		{4AA531FE-30FE-4C6E-AE70-A622036229F5}.Release|x86.Build.0 = Release|Any CPU
		{C806D2A7-2676-4781-9149-C3AC7CB1D0C2}.Debug|Any CPU.ActiveCfg = Debug|Any CPU
		{C806D2A7-2676-4781-9149-C3AC7CB1D0C2}.Debug|Any CPU.Build.0 = Debug|Any CPU
		{C806D2A7-2676-4781-9149-C3AC7CB1D0C2}.Debug|ARM.ActiveCfg = Debug|Any CPU
		{C806D2A7-2676-4781-9149-C3AC7CB1D0C2}.Debug|ARM.Build.0 = Debug|Any CPU
		{C806D2A7-2676-4781-9149-C3AC7CB1D0C2}.Debug|ARM64.ActiveCfg = Debug|Any CPU
		{C806D2A7-2676-4781-9149-C3AC7CB1D0C2}.Debug|ARM64.Build.0 = Debug|Any CPU
		{C806D2A7-2676-4781-9149-C3AC7CB1D0C2}.Debug|x64.ActiveCfg = Debug|Any CPU
		{C806D2A7-2676-4781-9149-C3AC7CB1D0C2}.Debug|x64.Build.0 = Debug|Any CPU
		{C806D2A7-2676-4781-9149-C3AC7CB1D0C2}.Debug|x86.ActiveCfg = Debug|Any CPU
		{C806D2A7-2676-4781-9149-C3AC7CB1D0C2}.Debug|x86.Build.0 = Debug|Any CPU
		{C806D2A7-2676-4781-9149-C3AC7CB1D0C2}.NightlyBuild|Any CPU.ActiveCfg = NightlyBuild|Any CPU
		{C806D2A7-2676-4781-9149-C3AC7CB1D0C2}.NightlyBuild|Any CPU.Build.0 = NightlyBuild|Any CPU
		{C806D2A7-2676-4781-9149-C3AC7CB1D0C2}.NightlyBuild|ARM.ActiveCfg = NightlyBuild|Any CPU
		{C806D2A7-2676-4781-9149-C3AC7CB1D0C2}.NightlyBuild|ARM.Build.0 = NightlyBuild|Any CPU
		{C806D2A7-2676-4781-9149-C3AC7CB1D0C2}.NightlyBuild|ARM64.ActiveCfg = NightlyBuild|Any CPU
		{C806D2A7-2676-4781-9149-C3AC7CB1D0C2}.NightlyBuild|ARM64.Build.0 = NightlyBuild|Any CPU
		{C806D2A7-2676-4781-9149-C3AC7CB1D0C2}.NightlyBuild|x64.ActiveCfg = NightlyBuild|Any CPU
		{C806D2A7-2676-4781-9149-C3AC7CB1D0C2}.NightlyBuild|x64.Build.0 = NightlyBuild|Any CPU
		{C806D2A7-2676-4781-9149-C3AC7CB1D0C2}.NightlyBuild|x86.ActiveCfg = NightlyBuild|Any CPU
		{C806D2A7-2676-4781-9149-C3AC7CB1D0C2}.NightlyBuild|x86.Build.0 = NightlyBuild|Any CPU
		{C806D2A7-2676-4781-9149-C3AC7CB1D0C2}.Release|Any CPU.ActiveCfg = Release|Any CPU
		{C806D2A7-2676-4781-9149-C3AC7CB1D0C2}.Release|Any CPU.Build.0 = Release|Any CPU
		{C806D2A7-2676-4781-9149-C3AC7CB1D0C2}.Release|ARM.ActiveCfg = Release|Any CPU
		{C806D2A7-2676-4781-9149-C3AC7CB1D0C2}.Release|ARM.Build.0 = Release|Any CPU
		{C806D2A7-2676-4781-9149-C3AC7CB1D0C2}.Release|ARM64.ActiveCfg = Release|Any CPU
		{C806D2A7-2676-4781-9149-C3AC7CB1D0C2}.Release|ARM64.Build.0 = Release|Any CPU
		{C806D2A7-2676-4781-9149-C3AC7CB1D0C2}.Release|x64.ActiveCfg = Release|Any CPU
		{C806D2A7-2676-4781-9149-C3AC7CB1D0C2}.Release|x64.Build.0 = Release|Any CPU
		{C806D2A7-2676-4781-9149-C3AC7CB1D0C2}.Release|x86.ActiveCfg = Release|Any CPU
		{C806D2A7-2676-4781-9149-C3AC7CB1D0C2}.Release|x86.Build.0 = Release|Any CPU
		{A560B72A-CD80-43ED-B1E5-FC94C8EEC3E7}.Debug|Any CPU.ActiveCfg = Debug|Any CPU
		{A560B72A-CD80-43ED-B1E5-FC94C8EEC3E7}.Debug|Any CPU.Build.0 = Debug|Any CPU
		{A560B72A-CD80-43ED-B1E5-FC94C8EEC3E7}.Debug|ARM.ActiveCfg = Debug|Any CPU
		{A560B72A-CD80-43ED-B1E5-FC94C8EEC3E7}.Debug|ARM.Build.0 = Debug|Any CPU
		{A560B72A-CD80-43ED-B1E5-FC94C8EEC3E7}.Debug|ARM64.ActiveCfg = Debug|Any CPU
		{A560B72A-CD80-43ED-B1E5-FC94C8EEC3E7}.Debug|ARM64.Build.0 = Debug|Any CPU
		{A560B72A-CD80-43ED-B1E5-FC94C8EEC3E7}.Debug|x64.ActiveCfg = Debug|Any CPU
		{A560B72A-CD80-43ED-B1E5-FC94C8EEC3E7}.Debug|x64.Build.0 = Debug|Any CPU
		{A560B72A-CD80-43ED-B1E5-FC94C8EEC3E7}.Debug|x86.ActiveCfg = Debug|Any CPU
		{A560B72A-CD80-43ED-B1E5-FC94C8EEC3E7}.Debug|x86.Build.0 = Debug|Any CPU
		{A560B72A-CD80-43ED-B1E5-FC94C8EEC3E7}.NightlyBuild|Any CPU.ActiveCfg = Debug|Any CPU
		{A560B72A-CD80-43ED-B1E5-FC94C8EEC3E7}.NightlyBuild|Any CPU.Build.0 = Debug|Any CPU
		{A560B72A-CD80-43ED-B1E5-FC94C8EEC3E7}.NightlyBuild|ARM.ActiveCfg = Release|Any CPU
		{A560B72A-CD80-43ED-B1E5-FC94C8EEC3E7}.NightlyBuild|ARM.Build.0 = Release|Any CPU
		{A560B72A-CD80-43ED-B1E5-FC94C8EEC3E7}.NightlyBuild|ARM64.ActiveCfg = Release|Any CPU
		{A560B72A-CD80-43ED-B1E5-FC94C8EEC3E7}.NightlyBuild|ARM64.Build.0 = Release|Any CPU
		{A560B72A-CD80-43ED-B1E5-FC94C8EEC3E7}.NightlyBuild|x64.ActiveCfg = Release|Any CPU
		{A560B72A-CD80-43ED-B1E5-FC94C8EEC3E7}.NightlyBuild|x64.Build.0 = Release|Any CPU
		{A560B72A-CD80-43ED-B1E5-FC94C8EEC3E7}.NightlyBuild|x86.ActiveCfg = Release|Any CPU
		{A560B72A-CD80-43ED-B1E5-FC94C8EEC3E7}.NightlyBuild|x86.Build.0 = Release|Any CPU
		{A560B72A-CD80-43ED-B1E5-FC94C8EEC3E7}.Release|Any CPU.ActiveCfg = Release|Any CPU
		{A560B72A-CD80-43ED-B1E5-FC94C8EEC3E7}.Release|Any CPU.Build.0 = Release|Any CPU
		{A560B72A-CD80-43ED-B1E5-FC94C8EEC3E7}.Release|ARM.ActiveCfg = Release|Any CPU
		{A560B72A-CD80-43ED-B1E5-FC94C8EEC3E7}.Release|ARM.Build.0 = Release|Any CPU
		{A560B72A-CD80-43ED-B1E5-FC94C8EEC3E7}.Release|ARM64.ActiveCfg = Release|Any CPU
		{A560B72A-CD80-43ED-B1E5-FC94C8EEC3E7}.Release|ARM64.Build.0 = Release|Any CPU
		{A560B72A-CD80-43ED-B1E5-FC94C8EEC3E7}.Release|x64.ActiveCfg = Release|Any CPU
		{A560B72A-CD80-43ED-B1E5-FC94C8EEC3E7}.Release|x64.Build.0 = Release|Any CPU
		{A560B72A-CD80-43ED-B1E5-FC94C8EEC3E7}.Release|x86.ActiveCfg = Release|Any CPU
		{A560B72A-CD80-43ED-B1E5-FC94C8EEC3E7}.Release|x86.Build.0 = Release|Any CPU
		{A55E85D0-F22D-4E0C-BA60-FC809EB23207}.Debug|Any CPU.ActiveCfg = Debug|Any CPU
		{A55E85D0-F22D-4E0C-BA60-FC809EB23207}.Debug|Any CPU.Build.0 = Debug|Any CPU
		{A55E85D0-F22D-4E0C-BA60-FC809EB23207}.Debug|ARM.ActiveCfg = Debug|Any CPU
		{A55E85D0-F22D-4E0C-BA60-FC809EB23207}.Debug|ARM.Build.0 = Debug|Any CPU
		{A55E85D0-F22D-4E0C-BA60-FC809EB23207}.Debug|ARM64.ActiveCfg = Debug|Any CPU
		{A55E85D0-F22D-4E0C-BA60-FC809EB23207}.Debug|ARM64.Build.0 = Debug|Any CPU
		{A55E85D0-F22D-4E0C-BA60-FC809EB23207}.Debug|x64.ActiveCfg = Debug|Any CPU
		{A55E85D0-F22D-4E0C-BA60-FC809EB23207}.Debug|x64.Build.0 = Debug|Any CPU
		{A55E85D0-F22D-4E0C-BA60-FC809EB23207}.Debug|x86.ActiveCfg = Debug|Any CPU
		{A55E85D0-F22D-4E0C-BA60-FC809EB23207}.Debug|x86.Build.0 = Debug|Any CPU
		{A55E85D0-F22D-4E0C-BA60-FC809EB23207}.NightlyBuild|Any CPU.ActiveCfg = Debug|Any CPU
		{A55E85D0-F22D-4E0C-BA60-FC809EB23207}.NightlyBuild|Any CPU.Build.0 = Debug|Any CPU
		{A55E85D0-F22D-4E0C-BA60-FC809EB23207}.NightlyBuild|ARM.ActiveCfg = Release|Any CPU
		{A55E85D0-F22D-4E0C-BA60-FC809EB23207}.NightlyBuild|ARM.Build.0 = Release|Any CPU
		{A55E85D0-F22D-4E0C-BA60-FC809EB23207}.NightlyBuild|ARM64.ActiveCfg = Release|Any CPU
		{A55E85D0-F22D-4E0C-BA60-FC809EB23207}.NightlyBuild|ARM64.Build.0 = Release|Any CPU
		{A55E85D0-F22D-4E0C-BA60-FC809EB23207}.NightlyBuild|x64.ActiveCfg = Release|Any CPU
		{A55E85D0-F22D-4E0C-BA60-FC809EB23207}.NightlyBuild|x64.Build.0 = Release|Any CPU
		{A55E85D0-F22D-4E0C-BA60-FC809EB23207}.NightlyBuild|x86.ActiveCfg = Release|Any CPU
		{A55E85D0-F22D-4E0C-BA60-FC809EB23207}.NightlyBuild|x86.Build.0 = Release|Any CPU
		{A55E85D0-F22D-4E0C-BA60-FC809EB23207}.Release|Any CPU.ActiveCfg = Release|Any CPU
		{A55E85D0-F22D-4E0C-BA60-FC809EB23207}.Release|Any CPU.Build.0 = Release|Any CPU
		{A55E85D0-F22D-4E0C-BA60-FC809EB23207}.Release|ARM.ActiveCfg = Release|Any CPU
		{A55E85D0-F22D-4E0C-BA60-FC809EB23207}.Release|ARM.Build.0 = Release|Any CPU
		{A55E85D0-F22D-4E0C-BA60-FC809EB23207}.Release|ARM64.ActiveCfg = Release|Any CPU
		{A55E85D0-F22D-4E0C-BA60-FC809EB23207}.Release|ARM64.Build.0 = Release|Any CPU
		{A55E85D0-F22D-4E0C-BA60-FC809EB23207}.Release|x64.ActiveCfg = Release|Any CPU
		{A55E85D0-F22D-4E0C-BA60-FC809EB23207}.Release|x64.Build.0 = Release|Any CPU
		{A55E85D0-F22D-4E0C-BA60-FC809EB23207}.Release|x86.ActiveCfg = Release|Any CPU
		{A55E85D0-F22D-4E0C-BA60-FC809EB23207}.Release|x86.Build.0 = Release|Any CPU
		{92093457-0592-4CF9-AE04-B673BC434E7C}.Debug|Any CPU.ActiveCfg = Debug|Any CPU
		{92093457-0592-4CF9-AE04-B673BC434E7C}.Debug|Any CPU.Build.0 = Debug|Any CPU
		{92093457-0592-4CF9-AE04-B673BC434E7C}.Debug|ARM.ActiveCfg = Debug|ARM
		{92093457-0592-4CF9-AE04-B673BC434E7C}.Debug|ARM.Build.0 = Debug|ARM
		{92093457-0592-4CF9-AE04-B673BC434E7C}.Debug|ARM64.ActiveCfg = Debug|ARM64
		{92093457-0592-4CF9-AE04-B673BC434E7C}.Debug|ARM64.Build.0 = Debug|ARM64
		{92093457-0592-4CF9-AE04-B673BC434E7C}.Debug|x64.ActiveCfg = Debug|x64
		{92093457-0592-4CF9-AE04-B673BC434E7C}.Debug|x64.Build.0 = Debug|x64
		{92093457-0592-4CF9-AE04-B673BC434E7C}.Debug|x86.ActiveCfg = Debug|x86
		{92093457-0592-4CF9-AE04-B673BC434E7C}.Debug|x86.Build.0 = Debug|x86
		{92093457-0592-4CF9-AE04-B673BC434E7C}.NightlyBuild|Any CPU.ActiveCfg = Debug|Any CPU
		{92093457-0592-4CF9-AE04-B673BC434E7C}.NightlyBuild|Any CPU.Build.0 = Debug|Any CPU
		{92093457-0592-4CF9-AE04-B673BC434E7C}.NightlyBuild|ARM.ActiveCfg = Debug|ARM
		{92093457-0592-4CF9-AE04-B673BC434E7C}.NightlyBuild|ARM.Build.0 = Debug|ARM
		{92093457-0592-4CF9-AE04-B673BC434E7C}.NightlyBuild|ARM64.ActiveCfg = Debug|ARM64
		{92093457-0592-4CF9-AE04-B673BC434E7C}.NightlyBuild|ARM64.Build.0 = Debug|ARM64
		{92093457-0592-4CF9-AE04-B673BC434E7C}.NightlyBuild|x64.ActiveCfg = Debug|x64
		{92093457-0592-4CF9-AE04-B673BC434E7C}.NightlyBuild|x64.Build.0 = Debug|x64
		{92093457-0592-4CF9-AE04-B673BC434E7C}.NightlyBuild|x86.ActiveCfg = Debug|x86
		{92093457-0592-4CF9-AE04-B673BC434E7C}.NightlyBuild|x86.Build.0 = Debug|x86
		{92093457-0592-4CF9-AE04-B673BC434E7C}.Release|Any CPU.ActiveCfg = Release|Any CPU
		{92093457-0592-4CF9-AE04-B673BC434E7C}.Release|Any CPU.Build.0 = Release|Any CPU
		{92093457-0592-4CF9-AE04-B673BC434E7C}.Release|ARM.ActiveCfg = Release|ARM
		{92093457-0592-4CF9-AE04-B673BC434E7C}.Release|ARM.Build.0 = Release|ARM
		{92093457-0592-4CF9-AE04-B673BC434E7C}.Release|ARM64.ActiveCfg = Release|ARM64
		{92093457-0592-4CF9-AE04-B673BC434E7C}.Release|ARM64.Build.0 = Release|ARM64
		{92093457-0592-4CF9-AE04-B673BC434E7C}.Release|x64.ActiveCfg = Release|x64
		{92093457-0592-4CF9-AE04-B673BC434E7C}.Release|x64.Build.0 = Release|x64
		{92093457-0592-4CF9-AE04-B673BC434E7C}.Release|x86.ActiveCfg = Release|x86
		{92093457-0592-4CF9-AE04-B673BC434E7C}.Release|x86.Build.0 = Release|x86
		{88DDA081-4C60-4164-B5B1-3D8FD9D03576}.Debug|Any CPU.ActiveCfg = Debug|x86
		{88DDA081-4C60-4164-B5B1-3D8FD9D03576}.Debug|ARM.ActiveCfg = Debug|ARM
		{88DDA081-4C60-4164-B5B1-3D8FD9D03576}.Debug|ARM.Build.0 = Debug|ARM
		{88DDA081-4C60-4164-B5B1-3D8FD9D03576}.Debug|ARM.Deploy.0 = Debug|ARM
		{88DDA081-4C60-4164-B5B1-3D8FD9D03576}.Debug|ARM64.ActiveCfg = Debug|ARM64
		{88DDA081-4C60-4164-B5B1-3D8FD9D03576}.Debug|ARM64.Build.0 = Debug|ARM64
		{88DDA081-4C60-4164-B5B1-3D8FD9D03576}.Debug|ARM64.Deploy.0 = Debug|ARM64
		{88DDA081-4C60-4164-B5B1-3D8FD9D03576}.Debug|x64.ActiveCfg = Debug|x64
		{88DDA081-4C60-4164-B5B1-3D8FD9D03576}.Debug|x64.Build.0 = Debug|x64
		{88DDA081-4C60-4164-B5B1-3D8FD9D03576}.Debug|x64.Deploy.0 = Debug|x64
		{88DDA081-4C60-4164-B5B1-3D8FD9D03576}.Debug|x86.ActiveCfg = Debug|x86
		{88DDA081-4C60-4164-B5B1-3D8FD9D03576}.Debug|x86.Build.0 = Debug|x86
		{88DDA081-4C60-4164-B5B1-3D8FD9D03576}.Debug|x86.Deploy.0 = Debug|x86
		{88DDA081-4C60-4164-B5B1-3D8FD9D03576}.NightlyBuild|Any CPU.ActiveCfg = Debug|x86
		{88DDA081-4C60-4164-B5B1-3D8FD9D03576}.NightlyBuild|Any CPU.Build.0 = Debug|x86
		{88DDA081-4C60-4164-B5B1-3D8FD9D03576}.NightlyBuild|Any CPU.Deploy.0 = Debug|x86
		{88DDA081-4C60-4164-B5B1-3D8FD9D03576}.NightlyBuild|ARM.ActiveCfg = Debug|ARM
		{88DDA081-4C60-4164-B5B1-3D8FD9D03576}.NightlyBuild|ARM.Build.0 = Debug|ARM
		{88DDA081-4C60-4164-B5B1-3D8FD9D03576}.NightlyBuild|ARM.Deploy.0 = Debug|ARM
		{88DDA081-4C60-4164-B5B1-3D8FD9D03576}.NightlyBuild|ARM64.ActiveCfg = Debug|ARM64
		{88DDA081-4C60-4164-B5B1-3D8FD9D03576}.NightlyBuild|ARM64.Build.0 = Debug|ARM64
		{88DDA081-4C60-4164-B5B1-3D8FD9D03576}.NightlyBuild|ARM64.Deploy.0 = Debug|ARM64
		{88DDA081-4C60-4164-B5B1-3D8FD9D03576}.NightlyBuild|x64.ActiveCfg = Debug|x64
		{88DDA081-4C60-4164-B5B1-3D8FD9D03576}.NightlyBuild|x64.Build.0 = Debug|x64
		{88DDA081-4C60-4164-B5B1-3D8FD9D03576}.NightlyBuild|x64.Deploy.0 = Debug|x64
		{88DDA081-4C60-4164-B5B1-3D8FD9D03576}.NightlyBuild|x86.ActiveCfg = Debug|x86
		{88DDA081-4C60-4164-B5B1-3D8FD9D03576}.NightlyBuild|x86.Build.0 = Debug|x86
		{88DDA081-4C60-4164-B5B1-3D8FD9D03576}.NightlyBuild|x86.Deploy.0 = Debug|x86
		{88DDA081-4C60-4164-B5B1-3D8FD9D03576}.Release|Any CPU.ActiveCfg = Release|x86
		{88DDA081-4C60-4164-B5B1-3D8FD9D03576}.Release|ARM.ActiveCfg = Release|ARM
		{88DDA081-4C60-4164-B5B1-3D8FD9D03576}.Release|ARM.Build.0 = Release|ARM
		{88DDA081-4C60-4164-B5B1-3D8FD9D03576}.Release|ARM.Deploy.0 = Release|ARM
		{88DDA081-4C60-4164-B5B1-3D8FD9D03576}.Release|ARM64.ActiveCfg = Release|ARM64
		{88DDA081-4C60-4164-B5B1-3D8FD9D03576}.Release|ARM64.Build.0 = Release|ARM64
		{88DDA081-4C60-4164-B5B1-3D8FD9D03576}.Release|ARM64.Deploy.0 = Release|ARM64
		{88DDA081-4C60-4164-B5B1-3D8FD9D03576}.Release|x64.ActiveCfg = Release|x64
		{88DDA081-4C60-4164-B5B1-3D8FD9D03576}.Release|x64.Build.0 = Release|x64
		{88DDA081-4C60-4164-B5B1-3D8FD9D03576}.Release|x64.Deploy.0 = Release|x64
		{88DDA081-4C60-4164-B5B1-3D8FD9D03576}.Release|x86.ActiveCfg = Release|x86
		{88DDA081-4C60-4164-B5B1-3D8FD9D03576}.Release|x86.Build.0 = Release|x86
		{88DDA081-4C60-4164-B5B1-3D8FD9D03576}.Release|x86.Deploy.0 = Release|x86
	EndGlobalSection
	GlobalSection(SolutionProperties) = preSolution
		HideSolutionNode = FALSE
	EndGlobalSection
	GlobalSection(NestedProjects) = preSolution
		{C806D2A7-2676-4781-9149-C3AC7CB1D0C2} = {2FE23D18-B621-48AC-9926-106AFF01D924}
		{A55E85D0-F22D-4E0C-BA60-FC809EB23207} = {2FE23D18-B621-48AC-9926-106AFF01D924}
		{88DDA081-4C60-4164-B5B1-3D8FD9D03576} = {2FE23D18-B621-48AC-9926-106AFF01D924}
	EndGlobalSection
	GlobalSection(ExtensibilityGlobals) = postSolution
		SolutionGuid = {F4EAD677-8653-4DD1-B1E8-0DD4549B2F30}
	EndGlobalSection
EndGlobal
